
Microsoft Visual Studio Solution File, Format Version 12.00
# Visual Studio Version 17
VisualStudioVersion = 17.5.33530.505
MinimumVisualStudioVersion = 10.0.40219.1
Project("{8BC9CEB8-8B4A-11D0-8D11-00A0C91BC942}") = "Server", "Server\Server.vcxproj", "{B0811EC8-0D69-4773-A5F6-A35018A1757E}"
EndProject
Project("{8BC9CEB8-8B4A-11D0-8D11-00A0C91BC942}") = "DummyClient", "DummyClient\DummyClient.vcxproj", "{743E8E70-6338-40DA-AF68-7A0C2A51F460}"
EndProject
Project("{8BC9CEB8-8B4A-11D0-8D11-00A0C91BC942}") = "ServerCore", "ServerCore\ServerCore.vcxproj", "{0FE768E1-E8BB-4C49-97AD-E9C51B9EC3AD}"
EndProject
Global
	GlobalSection(SolutionConfigurationPlatforms) = preSolution
		Debug|x64 = Debug|x64
		Debug|x86 = Debug|x86
		Release|x64 = Release|x64
		Release|x86 = Release|x86
	EndGlobalSection
	GlobalSection(ProjectConfigurationPlatforms) = postSolution
		{B0811EC8-0D69-4773-A5F6-A35018A1757E}.Debug|x64.ActiveCfg = Debug|x64
		{B0811EC8-0D69-4773-A5F6-A35018A1757E}.Debug|x64.Build.0 = Debug|x64
		{B0811EC8-0D69-4773-A5F6-A35018A1757E}.Debug|x86.ActiveCfg = Debug|Win32
		{B0811EC8-0D69-4773-A5F6-A35018A1757E}.Debug|x86.Build.0 = Debug|Win32
		{B0811EC8-0D69-4773-A5F6-A35018A1757E}.Release|x64.ActiveCfg = Release|x64
		{B0811EC8-0D69-4773-A5F6-A35018A1757E}.Release|x64.Build.0 = Release|x64
		{B0811EC8-0D69-4773-A5F6-A35018A1757E}.Release|x86.ActiveCfg = Release|Win32
		{B0811EC8-0D69-4773-A5F6-A35018A1757E}.Release|x86.Build.0 = Release|Win32
		{743E8E70-6338-40DA-AF68-7A0C2A51F460}.Debug|x64.ActiveCfg = Debug|x64
		{743E8E70-6338-40DA-AF68-7A0C2A51F460}.Debug|x64.Build.0 = Debug|x64
		{743E8E70-6338-40DA-AF68-7A0C2A51F460}.Debug|x86.ActiveCfg = Debug|Win32
		{743E8E70-6338-40DA-AF68-7A0C2A51F460}.Debug|x86.Build.0 = Debug|Win32
		{743E8E70-6338-40DA-AF68-7A0C2A51F460}.Release|x64.ActiveCfg = Release|x64
		{743E8E70-6338-40DA-AF68-7A0C2A51F460}.Release|x64.Build.0 = Release|x64
		{743E8E70-6338-40DA-AF68-7A0C2A51F460}.Release|x86.ActiveCfg = Release|Win32
		{743E8E70-6338-40DA-AF68-7A0C2A51F460}.Release|x86.Build.0 = Release|Win32
		{0FE768E1-E8BB-4C49-97AD-E9C51B9EC3AD}.Debug|x64.ActiveCfg = Debug|x64
		{0FE768E1-E8BB-4C49-97AD-E9C51B9EC3AD}.Debug|x64.Build.0 = Debug|x64
		{0FE768E1-E8BB-4C49-97AD-E9C51B9EC3AD}.Debug|x86.ActiveCfg = Debug|Win32
		{0FE768E1-E8BB-4C49-97AD-E9C51B9EC3AD}.Debug|x86.Build.0 = Debug|Win32
		{0FE768E1-E8BB-4C49-97AD-E9C51B9EC3AD}.Release|x64.ActiveCfg = Release|x64
		{0FE768E1-E8BB-4C49-97AD-E9C51B9EC3AD}.Release|x64.Build.0 = Release|x64
		{0FE768E1-E8BB-4C49-97AD-E9C51B9EC3AD}.Release|x86.ActiveCfg = Release|Win32
		{0FE768E1-E8BB-4C49-97AD-E9C51B9EC3AD}.Release|x86.Build.0 = Release|Win32
	EndGlobalSection
	GlobalSection(SolutionProperties) = preSolution
		HideSolutionNode = FALSE
	EndGlobalSection
	GlobalSection(ExtensibilityGlobals) = postSolution
		SolutionGuid = {1179FDB1-30A1-4962-A835-97DFD4BA21FD}
	EndGlobalSection
EndGlobal
